// !$*UTF8*$!
{
	archiveVersion = 1;
	classes = {
	};
	objectVersion = 51;
	objects = {

/* Begin PBXBuildFile section */
		BE253EEC26B185FF00FA2104 /* BetterSnappingLayout.swift in Sources */ = {isa = PBXBuildFile; fileRef = BE253EEB26B185FF00FA2104 /* BetterSnappingLayout.swift */; };
		BE347FD926B01AB100102D2B /* SocialApp.swift in Sources */ = {isa = PBXBuildFile; fileRef = BE347FD826B01AB100102D2B /* SocialApp.swift */; };
		BE347FDD26B0641500102D2B /* HorizontalSnappingController.swift in Sources */ = {isa = PBXBuildFile; fileRef = BE347FDC26B0641500102D2B /* HorizontalSnappingController.swift */; };
		BE38D019269ED4D0002ACFD2 /* UIView+Ext.swift in Sources */ = {isa = PBXBuildFile; fileRef = BE38D018269ED4D0002ACFD2 /* UIView+Ext.swift */; };
		BE38D01E269F17A1002ACFD2 /* AppsPageController.swift in Sources */ = {isa = PBXBuildFile; fileRef = BE38D01D269F17A1002ACFD2 /* AppsPageController.swift */; };
		BE38D020269F1AE9002ACFD2 /* BaseListController.swift in Sources */ = {isa = PBXBuildFile; fileRef = BE38D01F269F1AE9002ACFD2 /* BaseListController.swift */; };
		BE38D023269F23AF002ACFD2 /* AppsGroupCell.swift in Sources */ = {isa = PBXBuildFile; fileRef = BE38D022269F23AF002ACFD2 /* AppsGroupCell.swift */; };
		BE38D025269F2FB3002ACFD2 /* AppsHorizontalController.swift in Sources */ = {isa = PBXBuildFile; fileRef = BE38D024269F2FB3002ACFD2 /* AppsHorizontalController.swift */; };
		BE434F6C269520D6008136B2 /* SearchController.swift in Sources */ = {isa = PBXBuildFile; fileRef = BE434F6B269520D6008136B2 /* SearchController.swift */; };
		BE434F6F26956797008136B2 /* CellResultCell.swift in Sources */ = {isa = PBXBuildFile; fileRef = BE434F6E26956797008136B2 /* CellResultCell.swift */; };
		BE434F72269620C5008136B2 /* VerticalStackView.swift in Sources */ = {isa = PBXBuildFile; fileRef = BE434F71269620C5008136B2 /* VerticalStackView.swift */; };
		BE43ABAF2694BD69005F0F43 /* AppDelegate.swift in Sources */ = {isa = PBXBuildFile; fileRef = BE43ABAE2694BD69005F0F43 /* AppDelegate.swift */; };
		BE43ABB12694BD69005F0F43 /* SceneDelegate.swift in Sources */ = {isa = PBXBuildFile; fileRef = BE43ABB02694BD69005F0F43 /* SceneDelegate.swift */; };
		BE43ABB82694BD6B005F0F43 /* Assets.xcassets in Resources */ = {isa = PBXBuildFile; fileRef = BE43ABB72694BD6B005F0F43 /* Assets.xcassets */; };
		BE43ABBB2694BD6B005F0F43 /* LaunchScreen.storyboard in Resources */ = {isa = PBXBuildFile; fileRef = BE43ABB92694BD6B005F0F43 /* LaunchScreen.storyboard */; };
		BE43ABC32694BE06005F0F43 /* BaseTabBarController.swift in Sources */ = {isa = PBXBuildFile; fileRef = BE43ABC22694BE06005F0F43 /* BaseTabBarController.swift */; };
		BE4D08DA26A14AE400B5DBF9 /* AppsPageHeader.swift in Sources */ = {isa = PBXBuildFile; fileRef = BE4D08D926A14AE400B5DBF9 /* AppsPageHeader.swift */; };
		BE4D08DC26A14BD500B5DBF9 /* AppsHorztionalHeaderController.swift in Sources */ = {isa = PBXBuildFile; fileRef = BE4D08DB26A14BD500B5DBF9 /* AppsHorztionalHeaderController.swift */; };
		BE4D08DF26A164C400B5DBF9 /* AppsHeaderCell.swift in Sources */ = {isa = PBXBuildFile; fileRef = BE4D08DE26A164C400B5DBF9 /* AppsHeaderCell.swift */; };
		BE66AF1D26B5C06F00C8C7D1 /* PreviewCell.swift in Sources */ = {isa = PBXBuildFile; fileRef = BE66AF1C26B5C06F00C8C7D1 /* PreviewCell.swift */; };
		BE66AF1F26B5C86D00C8C7D1 /* PreviewScreenshotController.swift in Sources */ = {isa = PBXBuildFile; fileRef = BE66AF1E26B5C86D00C8C7D1 /* PreviewScreenshotController.swift */; };
		BE6F476926982EEA004151E3 /* Service.swift in Sources */ = {isa = PBXBuildFile; fileRef = BE6F476826982EEA004151E3 /* Service.swift */; };
		BE70AA2726B6D10900280A8F /* ReviewRowCell.swift in Sources */ = {isa = PBXBuildFile; fileRef = BE70AA2626B6D10900280A8F /* ReviewRowCell.swift */; };
		BE70AA2926B6D28300280A8F /* ReviewController.swift in Sources */ = {isa = PBXBuildFile; fileRef = BE70AA2826B6D28300280A8F /* ReviewController.swift */; };
		BE70AA2B26B6D43500280A8F /* ReviewCell.swift in Sources */ = {isa = PBXBuildFile; fileRef = BE70AA2A26B6D43500280A8F /* ReviewCell.swift */; };
		BE70AA2D26B6E3B400280A8F /* Reviews.swift in Sources */ = {isa = PBXBuildFile; fileRef = BE70AA2C26B6E3B400280A8F /* Reviews.swift */; };
		BE7A5A3B269761C300F71A78 /* SearchResult.swift in Sources */ = {isa = PBXBuildFile; fileRef = BE7A5A3A269761C300F71A78 /* SearchResult.swift */; };
		BE80131626C4EACB0036AD67 /* TodayCell.swift in Sources */ = {isa = PBXBuildFile; fileRef = BE80131526C4EACB0036AD67 /* TodayCell.swift */; };
		BE80131926C4EE2A0036AD67 /* TodayController.swift in Sources */ = {isa = PBXBuildFile; fileRef = BE80131826C4EE2A0036AD67 /* TodayController.swift */; };
		BE86C6D726B2C05600100DE1 /* AppDetailController.swift in Sources */ = {isa = PBXBuildFile; fileRef = BE86C6D626B2C05600100DE1 /* AppDetailController.swift */; };
		BE86C6DA26B2EB3B00100DE1 /* AppDetailCell.swift in Sources */ = {isa = PBXBuildFile; fileRef = BE86C6D926B2EB3B00100DE1 /* AppDetailCell.swift */; };
		BE8F442226A02BD9009F9FC2 /* Extensions.swift in Sources */ = {isa = PBXBuildFile; fileRef = BE8F442126A02BD9009F9FC2 /* Extensions.swift */; };
		BE8F442426A02C2C009F9FC2 /* AppRowCell.swift in Sources */ = {isa = PBXBuildFile; fileRef = BE8F442326A02C2C009F9FC2 /* AppRowCell.swift */; };
		BEF2EA7A26A9807E0078948D /* AppGroup.swift in Sources */ = {isa = PBXBuildFile; fileRef = BEF2EA7926A9807E0078948D /* AppGroup.swift */; };
		CC089E7F36441D9F9905EDC5 /* Pods_AppStoreJSONAPIs.framework in Frameworks */ = {isa = PBXBuildFile; fileRef = 622696DEC5F11A399561FD36 /* Pods_AppStoreJSONAPIs.framework */; };
/* End PBXBuildFile section */

/* Begin PBXFileReference section */
		517C403516A41C3A31EA1F5D /* Pods-AppStoreJSONAPIs.release.xcconfig */ = {isa = PBXFileReference; includeInIndex = 1; lastKnownFileType = text.xcconfig; name = "Pods-AppStoreJSONAPIs.release.xcconfig"; path = "Target Support Files/Pods-AppStoreJSONAPIs/Pods-AppStoreJSONAPIs.release.xcconfig"; sourceTree = "<group>"; };
		622696DEC5F11A399561FD36 /* Pods_AppStoreJSONAPIs.framework */ = {isa = PBXFileReference; explicitFileType = wrapper.framework; includeInIndex = 0; path = Pods_AppStoreJSONAPIs.framework; sourceTree = BUILT_PRODUCTS_DIR; };
		BE253EEB26B185FF00FA2104 /* BetterSnappingLayout.swift */ = {isa = PBXFileReference; lastKnownFileType = sourcecode.swift; path = BetterSnappingLayout.swift; sourceTree = "<group>"; };
		BE347FD826B01AB100102D2B /* SocialApp.swift */ = {isa = PBXFileReference; lastKnownFileType = sourcecode.swift; path = SocialApp.swift; sourceTree = "<group>"; };
		BE347FDC26B0641500102D2B /* HorizontalSnappingController.swift */ = {isa = PBXFileReference; lastKnownFileType = sourcecode.swift; path = HorizontalSnappingController.swift; sourceTree = "<group>"; };
		BE38D018269ED4D0002ACFD2 /* UIView+Ext.swift */ = {isa = PBXFileReference; lastKnownFileType = sourcecode.swift; path = "UIView+Ext.swift"; sourceTree = "<group>"; };
		BE38D01D269F17A1002ACFD2 /* AppsPageController.swift */ = {isa = PBXFileReference; lastKnownFileType = sourcecode.swift; path = AppsPageController.swift; sourceTree = "<group>"; };
		BE38D01F269F1AE9002ACFD2 /* BaseListController.swift */ = {isa = PBXFileReference; lastKnownFileType = sourcecode.swift; path = BaseListController.swift; sourceTree = "<group>"; };
		BE38D022269F23AF002ACFD2 /* AppsGroupCell.swift */ = {isa = PBXFileReference; lastKnownFileType = sourcecode.swift; path = AppsGroupCell.swift; sourceTree = "<group>"; };
		BE38D024269F2FB3002ACFD2 /* AppsHorizontalController.swift */ = {isa = PBXFileReference; lastKnownFileType = sourcecode.swift; path = AppsHorizontalController.swift; sourceTree = "<group>"; };
		BE434F6B269520D6008136B2 /* SearchController.swift */ = {isa = PBXFileReference; lastKnownFileType = sourcecode.swift; path = SearchController.swift; sourceTree = "<group>"; };
		BE434F6E26956797008136B2 /* CellResultCell.swift */ = {isa = PBXFileReference; lastKnownFileType = sourcecode.swift; path = CellResultCell.swift; sourceTree = "<group>"; };
		BE434F71269620C5008136B2 /* VerticalStackView.swift */ = {isa = PBXFileReference; lastKnownFileType = sourcecode.swift; path = VerticalStackView.swift; sourceTree = "<group>"; };
		BE43ABAB2694BD69005F0F43 /* AppStoreJSONAPIs.app */ = {isa = PBXFileReference; explicitFileType = wrapper.application; includeInIndex = 0; path = AppStoreJSONAPIs.app; sourceTree = BUILT_PRODUCTS_DIR; };
		BE43ABAE2694BD69005F0F43 /* AppDelegate.swift */ = {isa = PBXFileReference; lastKnownFileType = sourcecode.swift; path = AppDelegate.swift; sourceTree = "<group>"; };
		BE43ABB02694BD69005F0F43 /* SceneDelegate.swift */ = {isa = PBXFileReference; lastKnownFileType = sourcecode.swift; path = SceneDelegate.swift; sourceTree = "<group>"; };
		BE43ABB72694BD6B005F0F43 /* Assets.xcassets */ = {isa = PBXFileReference; lastKnownFileType = folder.assetcatalog; path = Assets.xcassets; sourceTree = "<group>"; };
		BE43ABBA2694BD6B005F0F43 /* Base */ = {isa = PBXFileReference; lastKnownFileType = file.storyboard; name = Base; path = Base.lproj/LaunchScreen.storyboard; sourceTree = "<group>"; };
		BE43ABBC2694BD6B005F0F43 /* Info.plist */ = {isa = PBXFileReference; lastKnownFileType = text.plist.xml; path = Info.plist; sourceTree = "<group>"; };
		BE43ABC22694BE06005F0F43 /* BaseTabBarController.swift */ = {isa = PBXFileReference; lastKnownFileType = sourcecode.swift; path = BaseTabBarController.swift; sourceTree = "<group>"; };
		BE4D08D926A14AE400B5DBF9 /* AppsPageHeader.swift */ = {isa = PBXFileReference; lastKnownFileType = sourcecode.swift; path = AppsPageHeader.swift; sourceTree = "<group>"; };
		BE4D08DB26A14BD500B5DBF9 /* AppsHorztionalHeaderController.swift */ = {isa = PBXFileReference; lastKnownFileType = sourcecode.swift; path = AppsHorztionalHeaderController.swift; sourceTree = "<group>"; };
		BE4D08DE26A164C400B5DBF9 /* AppsHeaderCell.swift */ = {isa = PBXFileReference; lastKnownFileType = sourcecode.swift; path = AppsHeaderCell.swift; sourceTree = "<group>"; };
		BE66AF1C26B5C06F00C8C7D1 /* PreviewCell.swift */ = {isa = PBXFileReference; lastKnownFileType = sourcecode.swift; path = PreviewCell.swift; sourceTree = "<group>"; };
		BE66AF1E26B5C86D00C8C7D1 /* PreviewScreenshotController.swift */ = {isa = PBXFileReference; lastKnownFileType = sourcecode.swift; path = PreviewScreenshotController.swift; sourceTree = "<group>"; };
		BE6F476826982EEA004151E3 /* Service.swift */ = {isa = PBXFileReference; lastKnownFileType = sourcecode.swift; path = Service.swift; sourceTree = "<group>"; };
		BE70AA2626B6D10900280A8F /* ReviewRowCell.swift */ = {isa = PBXFileReference; lastKnownFileType = sourcecode.swift; path = ReviewRowCell.swift; sourceTree = "<group>"; };
		BE70AA2826B6D28300280A8F /* ReviewController.swift */ = {isa = PBXFileReference; lastKnownFileType = sourcecode.swift; path = ReviewController.swift; sourceTree = "<group>"; };
		BE70AA2A26B6D43500280A8F /* ReviewCell.swift */ = {isa = PBXFileReference; lastKnownFileType = sourcecode.swift; path = ReviewCell.swift; sourceTree = "<group>"; };
		BE70AA2C26B6E3B400280A8F /* Reviews.swift */ = {isa = PBXFileReference; lastKnownFileType = sourcecode.swift; path = Reviews.swift; sourceTree = "<group>"; };
		BE7A5A3A269761C300F71A78 /* SearchResult.swift */ = {isa = PBXFileReference; lastKnownFileType = sourcecode.swift; path = SearchResult.swift; sourceTree = "<group>"; };
		BE80131526C4EACB0036AD67 /* TodayCell.swift */ = {isa = PBXFileReference; lastKnownFileType = sourcecode.swift; path = TodayCell.swift; sourceTree = "<group>"; };
		BE80131826C4EE2A0036AD67 /* TodayController.swift */ = {isa = PBXFileReference; lastKnownFileType = sourcecode.swift; path = TodayController.swift; sourceTree = "<group>"; };
		BE86C6D626B2C05600100DE1 /* AppDetailController.swift */ = {isa = PBXFileReference; lastKnownFileType = sourcecode.swift; path = AppDetailController.swift; sourceTree = "<group>"; };
		BE86C6D926B2EB3B00100DE1 /* AppDetailCell.swift */ = {isa = PBXFileReference; lastKnownFileType = sourcecode.swift; path = AppDetailCell.swift; sourceTree = "<group>"; };
		BE8F442126A02BD9009F9FC2 /* Extensions.swift */ = {isa = PBXFileReference; lastKnownFileType = sourcecode.swift; path = Extensions.swift; sourceTree = "<group>"; };
		BE8F442326A02C2C009F9FC2 /* AppRowCell.swift */ = {isa = PBXFileReference; lastKnownFileType = sourcecode.swift; path = AppRowCell.swift; sourceTree = "<group>"; };
		BEF2EA7926A9807E0078948D /* AppGroup.swift */ = {isa = PBXFileReference; lastKnownFileType = sourcecode.swift; path = AppGroup.swift; sourceTree = "<group>"; };
		FAA16A990C9E5FDD0156D6B4 /* Pods-AppStoreJSONAPIs.debug.xcconfig */ = {isa = PBXFileReference; includeInIndex = 1; lastKnownFileType = text.xcconfig; name = "Pods-AppStoreJSONAPIs.debug.xcconfig"; path = "Target Support Files/Pods-AppStoreJSONAPIs/Pods-AppStoreJSONAPIs.debug.xcconfig"; sourceTree = "<group>"; };
/* End PBXFileReference section */

/* Begin PBXFrameworksBuildPhase section */
		BE43ABA82694BD69005F0F43 /* Frameworks */ = {
			isa = PBXFrameworksBuildPhase;
			buildActionMask = 2147483647;
			files = (
				CC089E7F36441D9F9905EDC5 /* Pods_AppStoreJSONAPIs.framework in Frameworks */,
			);
			runOnlyForDeploymentPostprocessing = 0;
		};
/* End PBXFrameworksBuildPhase section */

/* Begin PBXGroup section */
		579F3E6C36B85DF50D59C497 /* Pods */ = {
			isa = PBXGroup;
			children = (
				FAA16A990C9E5FDD0156D6B4 /* Pods-AppStoreJSONAPIs.debug.xcconfig */,
				517C403516A41C3A31EA1F5D /* Pods-AppStoreJSONAPIs.release.xcconfig */,
			);
			path = Pods;
			sourceTree = "<group>";
		};
		BE38D01A269F1756002ACFD2 /* Apps */ = {
			isa = PBXGroup;
			children = (
				BE86C6D526B2C04100100DE1 /* AppDetails */,
				BE38D01D269F17A1002ACFD2 /* AppsPageController.swift */,
				BE38D024269F2FB3002ACFD2 /* AppsHorizontalController.swift */,
				BE4D08DB26A14BD500B5DBF9 /* AppsHorztionalHeaderController.swift */,
			);
			path = Apps;
			sourceTree = "<group>";
		};
		BE38D01B269F1760002ACFD2 /* Search */ = {
			isa = PBXGroup;
			children = (
				BE434F6B269520D6008136B2 /* SearchController.swift */,
			);
			path = Search;
			sourceTree = "<group>";
		};
		BE38D01C269F176C002ACFD2 /* Today */ = {
			isa = PBXGroup;
			children = (
				BE80131826C4EE2A0036AD67 /* TodayController.swift */,
			);
			path = Today;
			sourceTree = "<group>";
		};
		BE38D021269F2396002ACFD2 /* Apps */ = {
			isa = PBXGroup;
			children = (
				BE86C6D826B2EB2000100DE1 /* Details */,
				BE38D022269F23AF002ACFD2 /* AppsGroupCell.swift */,
				BE8F442326A02C2C009F9FC2 /* AppRowCell.swift */,
				BE4D08D926A14AE400B5DBF9 /* AppsPageHeader.swift */,
				BE4D08DE26A164C400B5DBF9 /* AppsHeaderCell.swift */,
			);
			path = Apps;
			sourceTree = "<group>";
		};
		BE434F6A2695209A008136B2 /* Controllers */ = {
			isa = PBXGroup;
			children = (
				BE38D01C269F176C002ACFD2 /* Today */,
				BE38D01A269F1756002ACFD2 /* Apps */,
				BE38D01B269F1760002ACFD2 /* Search */,
				BE43ABC22694BE06005F0F43 /* BaseTabBarController.swift */,
				BE38D01F269F1AE9002ACFD2 /* BaseListController.swift */,
				BE347FDC26B0641500102D2B /* HorizontalSnappingController.swift */,
				BE77C66E269B257500A10854 /* Support */,
			);
			path = Controllers;
			sourceTree = "<group>";
		};
		BE434F6D26956761008136B2 /* Views */ = {
			isa = PBXGroup;
			children = (
				BE80131726C4EAD40036AD67 /* Today */,
				BE38D021269F2396002ACFD2 /* Apps */,
				BE434F6E26956797008136B2 /* CellResultCell.swift */,
			);
			path = Views;
			sourceTree = "<group>";
		};
		BE434F702696209C008136B2 /* Helpers */ = {
			isa = PBXGroup;
			children = (
				BE434F71269620C5008136B2 /* VerticalStackView.swift */,
				BE38D018269ED4D0002ACFD2 /* UIView+Ext.swift */,
				BE253EEB26B185FF00FA2104 /* BetterSnappingLayout.swift */,
			);
			path = Helpers;
			sourceTree = "<group>";
		};
		BE43ABA22694BD69005F0F43 = {
			isa = PBXGroup;
			children = (
				BE43ABAD2694BD69005F0F43 /* AppStoreJSONAPIs */,
				BE43ABAC2694BD69005F0F43 /* Products */,
				579F3E6C36B85DF50D59C497 /* Pods */,
				F9D574BE33C7E4B6A4DC8D42 /* Frameworks */,
			);
			sourceTree = "<group>";
		};
		BE43ABAC2694BD69005F0F43 /* Products */ = {
			isa = PBXGroup;
			children = (
				BE43ABAB2694BD69005F0F43 /* AppStoreJSONAPIs.app */,
			);
			name = Products;
			sourceTree = "<group>";
		};
		BE43ABAD2694BD69005F0F43 /* AppStoreJSONAPIs */ = {
			isa = PBXGroup;
			children = (
				BE6F476726982EC4004151E3 /* Service */,
				BE434F702696209C008136B2 /* Helpers */,
				BE7A5A392697617800F71A78 /* Model  */,
				BE434F6D26956761008136B2 /* Views */,
				BE434F6A2695209A008136B2 /* Controllers */,
				BE43ABBC2694BD6B005F0F43 /* Info.plist */,
				BE8F442126A02BD9009F9FC2 /* Extensions.swift */,
			);
			path = AppStoreJSONAPIs;
			sourceTree = "<group>";
		};
		BE6F476726982EC4004151E3 /* Service */ = {
			isa = PBXGroup;
			children = (
				BE6F476826982EEA004151E3 /* Service.swift */,
			);
			path = Service;
			sourceTree = "<group>";
		};
		BE77C66E269B257500A10854 /* Support */ = {
			isa = PBXGroup;
			children = (
				BE43ABAE2694BD69005F0F43 /* AppDelegate.swift */,
				BE43ABB02694BD69005F0F43 /* SceneDelegate.swift */,
				BE43ABB72694BD6B005F0F43 /* Assets.xcassets */,
				BE43ABB92694BD6B005F0F43 /* LaunchScreen.storyboard */,
			);
			path = Support;
			sourceTree = "<group>";
		};
		BE7A5A392697617800F71A78 /* Model  */ = {
			isa = PBXGroup;
			children = (
				BE7A5A3A269761C300F71A78 /* SearchResult.swift */,
				BEF2EA7926A9807E0078948D /* AppGroup.swift */,
				BE347FD826B01AB100102D2B /* SocialApp.swift */,
				BE70AA2C26B6E3B400280A8F /* Reviews.swift */,
			);
			path = "Model ";
			sourceTree = "<group>";
		};
		BE80131726C4EAD40036AD67 /* Today */ = {
			isa = PBXGroup;
			children = (
				BE80131526C4EACB0036AD67 /* TodayCell.swift */,
			);
			path = Today;
			sourceTree = "<group>";
		};
		BE86C6D526B2C04100100DE1 /* AppDetails */ = {
			isa = PBXGroup;
			children = (
				BE86C6D626B2C05600100DE1 /* AppDetailController.swift */,
				BE66AF1E26B5C86D00C8C7D1 /* PreviewScreenshotController.swift */,
				BE70AA2826B6D28300280A8F /* ReviewController.swift */,
			);
			path = AppDetails;
			sourceTree = "<group>";
		};
		BE86C6D826B2EB2000100DE1 /* Details */ = {
			isa = PBXGroup;
			children = (
				BE86C6D926B2EB3B00100DE1 /* AppDetailCell.swift */,
				BE66AF1C26B5C06F00C8C7D1 /* PreviewCell.swift */,
				BE70AA2626B6D10900280A8F /* ReviewRowCell.swift */,
				BE70AA2A26B6D43500280A8F /* ReviewCell.swift */,
			);
			path = Details;
			sourceTree = "<group>";
		};
		F9D574BE33C7E4B6A4DC8D42 /* Frameworks */ = {
			isa = PBXGroup;
			children = (
				622696DEC5F11A399561FD36 /* Pods_AppStoreJSONAPIs.framework */,
			);
			name = Frameworks;
			sourceTree = "<group>";
		};
/* End PBXGroup section */

/* Begin PBXNativeTarget section */
		BE43ABAA2694BD69005F0F43 /* AppStoreJSONAPIs */ = {
			isa = PBXNativeTarget;
			buildConfigurationList = BE43ABBF2694BD6B005F0F43 /* Build configuration list for PBXNativeTarget "AppStoreJSONAPIs" */;
			buildPhases = (
				3840B1814C10912E58D380C4 /* [CP] Check Pods Manifest.lock */,
				BE43ABA72694BD69005F0F43 /* Sources */,
				BE43ABA82694BD69005F0F43 /* Frameworks */,
				BE43ABA92694BD69005F0F43 /* Resources */,
				A5E1B9D99DE010F9D3934F79 /* [CP] Embed Pods Frameworks */,
			);
			buildRules = (
			);
			dependencies = (
			);
			name = AppStoreJSONAPIs;
			productName = AppStoreJSONAPIs;
			productReference = BE43ABAB2694BD69005F0F43 /* AppStoreJSONAPIs.app */;
			productType = "com.apple.product-type.application";
		};
/* End PBXNativeTarget section */

/* Begin PBXProject section */
		BE43ABA32694BD69005F0F43 /* Project object */ = {
			isa = PBXProject;
			attributes = {
				LastSwiftUpdateCheck = 1250;
				LastUpgradeCheck = 1250;
				TargetAttributes = {
					BE43ABAA2694BD69005F0F43 = {
						CreatedOnToolsVersion = 12.5.1;
					};
				};
			};
			buildConfigurationList = BE43ABA62694BD69005F0F43 /* Build configuration list for PBXProject "AppStoreJSONAPIs" */;
			compatibilityVersion = "Xcode 9.3";
			developmentRegion = en;
			hasScannedForEncodings = 0;
			knownRegions = (
				en,
				Base,
			);
			mainGroup = BE43ABA22694BD69005F0F43;
			productRefGroup = BE43ABAC2694BD69005F0F43 /* Products */;
			projectDirPath = "";
			projectRoot = "";
			targets = (
				BE43ABAA2694BD69005F0F43 /* AppStoreJSONAPIs */,
			);
		};
/* End PBXProject section */

/* Begin PBXResourcesBuildPhase section */
		BE43ABA92694BD69005F0F43 /* Resources */ = {
			isa = PBXResourcesBuildPhase;
			buildActionMask = 2147483647;
			files = (
				BE43ABBB2694BD6B005F0F43 /* LaunchScreen.storyboard in Resources */,
				BE43ABB82694BD6B005F0F43 /* Assets.xcassets in Resources */,
			);
			runOnlyForDeploymentPostprocessing = 0;
		};
/* End PBXResourcesBuildPhase section */

/* Begin PBXShellScriptBuildPhase section */
		3840B1814C10912E58D380C4 /* [CP] Check Pods Manifest.lock */ = {
			isa = PBXShellScriptBuildPhase;
			buildActionMask = 2147483647;
			files = (
			);
			inputFileListPaths = (
			);
			inputPaths = (
				"${PODS_PODFILE_DIR_PATH}/Podfile.lock",
				"${PODS_ROOT}/Manifest.lock",
			);
			name = "[CP] Check Pods Manifest.lock";
			outputFileListPaths = (
			);
			outputPaths = (
				"$(DERIVED_FILE_DIR)/Pods-AppStoreJSONAPIs-checkManifestLockResult.txt",
			);
			runOnlyForDeploymentPostprocessing = 0;
			shellPath = /bin/sh;
			shellScript = "diff \"${PODS_PODFILE_DIR_PATH}/Podfile.lock\" \"${PODS_ROOT}/Manifest.lock\" > /dev/null\nif [ $? != 0 ] ; then\n    # print error to STDERR\n    echo \"error: The sandbox is not in sync with the Podfile.lock. Run 'pod install' or update your CocoaPods installation.\" >&2\n    exit 1\nfi\n# This output is used by Xcode 'outputs' to avoid re-running this script phase.\necho \"SUCCESS\" > \"${SCRIPT_OUTPUT_FILE_0}\"\n";
			showEnvVarsInLog = 0;
		};
		A5E1B9D99DE010F9D3934F79 /* [CP] Embed Pods Frameworks */ = {
			isa = PBXShellScriptBuildPhase;
			buildActionMask = 2147483647;
			files = (
			);
			inputFileListPaths = (
				"${PODS_ROOT}/Target Support Files/Pods-AppStoreJSONAPIs/Pods-AppStoreJSONAPIs-frameworks-${CONFIGURATION}-input-files.xcfilelist",
			);
			name = "[CP] Embed Pods Frameworks";
			outputFileListPaths = (
				"${PODS_ROOT}/Target Support Files/Pods-AppStoreJSONAPIs/Pods-AppStoreJSONAPIs-frameworks-${CONFIGURATION}-output-files.xcfilelist",
			);
			runOnlyForDeploymentPostprocessing = 0;
			shellPath = /bin/sh;
			shellScript = "\"${PODS_ROOT}/Target Support Files/Pods-AppStoreJSONAPIs/Pods-AppStoreJSONAPIs-frameworks.sh\"\n";
			showEnvVarsInLog = 0;
		};
/* End PBXShellScriptBuildPhase section */

/* Begin PBXSourcesBuildPhase section */
		BE43ABA72694BD69005F0F43 /* Sources */ = {
			isa = PBXSourcesBuildPhase;
			buildActionMask = 2147483647;
			files = (
				BE434F6C269520D6008136B2 /* SearchController.swift in Sources */,
				BE70AA2B26B6D43500280A8F /* ReviewCell.swift in Sources */,
				BE347FD926B01AB100102D2B /* SocialApp.swift in Sources */,
				BE38D019269ED4D0002ACFD2 /* UIView+Ext.swift in Sources */,
				BE43ABC32694BE06005F0F43 /* BaseTabBarController.swift in Sources */,
				BE7A5A3B269761C300F71A78 /* SearchResult.swift in Sources */,
				BE66AF1F26B5C86D00C8C7D1 /* PreviewScreenshotController.swift in Sources */,
				BE38D025269F2FB3002ACFD2 /* AppsHorizontalController.swift in Sources */,
				BE38D020269F1AE9002ACFD2 /* BaseListController.swift in Sources */,
				BE38D023269F23AF002ACFD2 /* AppsGroupCell.swift in Sources */,
				BE347FDD26B0641500102D2B /* HorizontalSnappingController.swift in Sources */,
				BE80131626C4EACB0036AD67 /* TodayCell.swift in Sources */,
				BE434F6F26956797008136B2 /* CellResultCell.swift in Sources */,
				BEF2EA7A26A9807E0078948D /* AppGroup.swift in Sources */,
				BE86C6D726B2C05600100DE1 /* AppDetailController.swift in Sources */,
				BE6F476926982EEA004151E3 /* Service.swift in Sources */,
				BE4D08DC26A14BD500B5DBF9 /* AppsHorztionalHeaderController.swift in Sources */,
				BE4D08DF26A164C400B5DBF9 /* AppsHeaderCell.swift in Sources */,
				BE8F442226A02BD9009F9FC2 /* Extensions.swift in Sources */,
				BE43ABAF2694BD69005F0F43 /* AppDelegate.swift in Sources */,
				BE38D01E269F17A1002ACFD2 /* AppsPageController.swift in Sources */,
				BE80131926C4EE2A0036AD67 /* TodayController.swift in Sources */,
				BE43ABB12694BD69005F0F43 /* SceneDelegate.swift in Sources */,
				BE86C6DA26B2EB3B00100DE1 /* AppDetailCell.swift in Sources */,
				BE70AA2D26B6E3B400280A8F /* Reviews.swift in Sources */,
				BE4D08DA26A14AE400B5DBF9 /* AppsPageHeader.swift in Sources */,
				BE66AF1D26B5C06F00C8C7D1 /* PreviewCell.swift in Sources */,
				BE70AA2726B6D10900280A8F /* ReviewRowCell.swift in Sources */,
				BE434F72269620C5008136B2 /* VerticalStackView.swift in Sources */,
				BE253EEC26B185FF00FA2104 /* BetterSnappingLayout.swift in Sources */,
				BE70AA2926B6D28300280A8F /* ReviewController.swift in Sources */,
				BE8F442426A02C2C009F9FC2 /* AppRowCell.swift in Sources */,
			);
			runOnlyForDeploymentPostprocessing = 0;
		};
/* End PBXSourcesBuildPhase section */

/* Begin PBXVariantGroup section */
		BE43ABB92694BD6B005F0F43 /* LaunchScreen.storyboard */ = {
			isa = PBXVariantGroup;
			children = (
				BE43ABBA2694BD6B005F0F43 /* Base */,
			);
			name = LaunchScreen.storyboard;
			sourceTree = "<group>";
		};
/* End PBXVariantGroup section */

/* Begin XCBuildConfiguration section */
		BE43ABBD2694BD6B005F0F43 /* Debug */ = {
			isa = XCBuildConfiguration;
			buildSettings = {
				ALWAYS_SEARCH_USER_PATHS = NO;
				CLANG_ANALYZER_NONNULL = YES;
				CLANG_ANALYZER_NUMBER_OBJECT_CONVERSION = YES_AGGRESSIVE;
				CLANG_CXX_LANGUAGE_STANDARD = "gnu++14";
				CLANG_CXX_LIBRARY = "libc++";
				CLANG_ENABLE_MODULES = YES;
				CLANG_ENABLE_OBJC_ARC = YES;
				CLANG_ENABLE_OBJC_WEAK = YES;
				CLANG_WARN_BLOCK_CAPTURE_AUTORELEASING = YES;
				CLANG_WARN_BOOL_CONVERSION = YES;
				CLANG_WARN_COMMA = YES;
				CLANG_WARN_CONSTANT_CONVERSION = YES;
				CLANG_WARN_DEPRECATED_OBJC_IMPLEMENTATIONS = YES;
				CLANG_WARN_DIRECT_OBJC_ISA_USAGE = YES_ERROR;
				CLANG_WARN_DOCUMENTATION_COMMENTS = YES;
				CLANG_WARN_EMPTY_BODY = YES;
				CLANG_WARN_ENUM_CONVERSION = YES;
				CLANG_WARN_INFINITE_RECURSION = YES;
				CLANG_WARN_INT_CONVERSION = YES;
				CLANG_WARN_NON_LITERAL_NULL_CONVERSION = YES;
				CLANG_WARN_OBJC_IMPLICIT_RETAIN_SELF = YES;
				CLANG_WARN_OBJC_LITERAL_CONVERSION = YES;
				CLANG_WARN_OBJC_ROOT_CLASS = YES_ERROR;
				CLANG_WARN_QUOTED_INCLUDE_IN_FRAMEWORK_HEADER = YES;
				CLANG_WARN_RANGE_LOOP_ANALYSIS = YES;
				CLANG_WARN_STRICT_PROTOTYPES = YES;
				CLANG_WARN_SUSPICIOUS_MOVE = YES;
				CLANG_WARN_UNGUARDED_AVAILABILITY = YES_AGGRESSIVE;
				CLANG_WARN_UNREACHABLE_CODE = YES;
				CLANG_WARN__DUPLICATE_METHOD_MATCH = YES;
				COPY_PHASE_STRIP = NO;
				DEBUG_INFORMATION_FORMAT = dwarf;
				ENABLE_STRICT_OBJC_MSGSEND = YES;
				ENABLE_TESTABILITY = YES;
				GCC_C_LANGUAGE_STANDARD = gnu11;
				GCC_DYNAMIC_NO_PIC = NO;
				GCC_NO_COMMON_BLOCKS = YES;
				GCC_OPTIMIZATION_LEVEL = 0;
				GCC_PREPROCESSOR_DEFINITIONS = (
					"DEBUG=1",
					"$(inherited)",
				);
				GCC_WARN_64_TO_32_BIT_CONVERSION = YES;
				GCC_WARN_ABOUT_RETURN_TYPE = YES_ERROR;
				GCC_WARN_UNDECLARED_SELECTOR = YES;
				GCC_WARN_UNINITIALIZED_AUTOS = YES_AGGRESSIVE;
				GCC_WARN_UNUSED_FUNCTION = YES;
				GCC_WARN_UNUSED_VARIABLE = YES;
				IPHONEOS_DEPLOYMENT_TARGET = 14.5;
				MTL_ENABLE_DEBUG_INFO = INCLUDE_SOURCE;
				MTL_FAST_MATH = YES;
				ONLY_ACTIVE_ARCH = YES;
				SDKROOT = iphoneos;
				SWIFT_ACTIVE_COMPILATION_CONDITIONS = DEBUG;
				SWIFT_OPTIMIZATION_LEVEL = "-Onone";
			};
			name = Debug;
		};
		BE43ABBE2694BD6B005F0F43 /* Release */ = {
			isa = XCBuildConfiguration;
			buildSettings = {
				ALWAYS_SEARCH_USER_PATHS = NO;
				CLANG_ANALYZER_NONNULL = YES;
				CLANG_ANALYZER_NUMBER_OBJECT_CONVERSION = YES_AGGRESSIVE;
				CLANG_CXX_LANGUAGE_STANDARD = "gnu++14";
				CLANG_CXX_LIBRARY = "libc++";
				CLANG_ENABLE_MODULES = YES;
				CLANG_ENABLE_OBJC_ARC = YES;
				CLANG_ENABLE_OBJC_WEAK = YES;
				CLANG_WARN_BLOCK_CAPTURE_AUTORELEASING = YES;
				CLANG_WARN_BOOL_CONVERSION = YES;
				CLANG_WARN_COMMA = YES;
				CLANG_WARN_CONSTANT_CONVERSION = YES;
				CLANG_WARN_DEPRECATED_OBJC_IMPLEMENTATIONS = YES;
				CLANG_WARN_DIRECT_OBJC_ISA_USAGE = YES_ERROR;
				CLANG_WARN_DOCUMENTATION_COMMENTS = YES;
				CLANG_WARN_EMPTY_BODY = YES;
				CLANG_WARN_ENUM_CONVERSION = YES;
				CLANG_WARN_INFINITE_RECURSION = YES;
				CLANG_WARN_INT_CONVERSION = YES;
				CLANG_WARN_NON_LITERAL_NULL_CONVERSION = YES;
				CLANG_WARN_OBJC_IMPLICIT_RETAIN_SELF = YES;
				CLANG_WARN_OBJC_LITERAL_CONVERSION = YES;
				CLANG_WARN_OBJC_ROOT_CLASS = YES_ERROR;
				CLANG_WARN_QUOTED_INCLUDE_IN_FRAMEWORK_HEADER = YES;
				CLANG_WARN_RANGE_LOOP_ANALYSIS = YES;
				CLANG_WARN_STRICT_PROTOTYPES = YES;
				CLANG_WARN_SUSPICIOUS_MOVE = YES;
				CLANG_WARN_UNGUARDED_AVAILABILITY = YES_AGGRESSIVE;
				CLANG_WARN_UNREACHABLE_CODE = YES;
				CLANG_WARN__DUPLICATE_METHOD_MATCH = YES;
				COPY_PHASE_STRIP = NO;
				DEBUG_INFORMATION_FORMAT = "dwarf-with-dsym";
				ENABLE_NS_ASSERTIONS = NO;
				ENABLE_STRICT_OBJC_MSGSEND = YES;
				GCC_C_LANGUAGE_STANDARD = gnu11;
				GCC_NO_COMMON_BLOCKS = YES;
				GCC_WARN_64_TO_32_BIT_CONVERSION = YES;
				GCC_WARN_ABOUT_RETURN_TYPE = YES_ERROR;
				GCC_WARN_UNDECLARED_SELECTOR = YES;
				GCC_WARN_UNINITIALIZED_AUTOS = YES_AGGRESSIVE;
				GCC_WARN_UNUSED_FUNCTION = YES;
				GCC_WARN_UNUSED_VARIABLE = YES;
				IPHONEOS_DEPLOYMENT_TARGET = 14.5;
				MTL_ENABLE_DEBUG_INFO = NO;
				MTL_FAST_MATH = YES;
				SDKROOT = iphoneos;
				SWIFT_COMPILATION_MODE = wholemodule;
				SWIFT_OPTIMIZATION_LEVEL = "-O";
				VALIDATE_PRODUCT = YES;
			};
			name = Release;
		};
		BE43ABC02694BD6B005F0F43 /* Debug */ = {
			isa = XCBuildConfiguration;
			baseConfigurationReference = FAA16A990C9E5FDD0156D6B4 /* Pods-AppStoreJSONAPIs.debug.xcconfig */;
			buildSettings = {
				ASSETCATALOG_COMPILER_APPICON_NAME = AppIcon;
				ASSETCATALOG_COMPILER_GLOBAL_ACCENT_COLOR_NAME = AccentColor;
				CODE_SIGN_STYLE = Automatic;
				DEVELOPMENT_TEAM = 725KT2YNUR;
				INFOPLIST_FILE = AppStoreJSONAPIs/Info.plist;
				LD_RUNPATH_SEARCH_PATHS = (
					"$(inherited)",
					"@executable_path/Frameworks",
				);
				PRODUCT_BUNDLE_IDENTIFIER = ahmedessmat.AppStoreJSONAPIs;
				PRODUCT_NAME = "$(TARGET_NAME)";
				SWIFT_VERSION = 5.0;
				TARGETED_DEVICE_FAMILY = "1,2";
			};
			name = Debug;
		};
		BE43ABC12694BD6B005F0F43 /* Release */ = {
			isa = XCBuildConfiguration;
			baseConfigurationReference = 517C403516A41C3A31EA1F5D /* Pods-AppStoreJSONAPIs.release.xcconfig */;
			buildSettings = {
				ASSETCATALOG_COMPILER_APPICON_NAME = AppIcon;
				ASSETCATALOG_COMPILER_GLOBAL_ACCENT_COLOR_NAME = AccentColor;
				CODE_SIGN_STYLE = Automatic;
				DEVELOPMENT_TEAM = 725KT2YNUR;
				INFOPLIST_FILE = AppStoreJSONAPIs/Info.plist;
				LD_RUNPATH_SEARCH_PATHS = (
					"$(inherited)",
					"@executable_path/Frameworks",
				);
				PRODUCT_BUNDLE_IDENTIFIER = ahmedessmat.AppStoreJSONAPIs;
				PRODUCT_NAME = "$(TARGET_NAME)";
				SWIFT_VERSION = 5.0;
				TARGETED_DEVICE_FAMILY = "1,2";
			};
			name = Release;
		};
/* End XCBuildConfiguration section */

/* Begin XCConfigurationList section */
		BE43ABA62694BD69005F0F43 /* Build configuration list for PBXProject "AppStoreJSONAPIs" */ = {
			isa = XCConfigurationList;
			buildConfigurations = (
				BE43ABBD2694BD6B005F0F43 /* Debug */,
				BE43ABBE2694BD6B005F0F43 /* Release */,
			);
			defaultConfigurationIsVisible = 0;
			defaultConfigurationName = Release;
		};
		BE43ABBF2694BD6B005F0F43 /* Build configuration list for PBXNativeTarget "AppStoreJSONAPIs" */ = {
			isa = XCConfigurationList;
			buildConfigurations = (
				BE43ABC02694BD6B005F0F43 /* Debug */,
				BE43ABC12694BD6B005F0F43 /* Release */,
			);
			defaultConfigurationIsVisible = 0;
			defaultConfigurationName = Release;
		};
/* End XCConfigurationList section */
	};
	rootObject = BE43ABA32694BD69005F0F43 /* Project object */;
}
